
Microsoft Visual Studio Solution File, Format Version 12.00
# Visual Studio 15
VisualStudioVersion = 15.0.28010.2003
MinimumVisualStudioVersion = 10.0.40219.1
Project("{FAE04EC0-301F-11D3-BF4B-00C04F79EFBC}") = "ExeIconPicker", "ExeIconPicker\ExeIconPicker.csproj", "{F947D95B-45AE-46CA-8982-A3E071D434A3}"
EndProject
Global
	GlobalSection(SolutionConfigurationPlatforms) = preSolution
		Debug|Any CPU = Debug|Any CPU
		Debug|x64 = Debug|x64
		Debug|x86 = Debug|x86
		Release|Any CPU = Release|Any CPU
		Release|x64 = Release|x64
		Release|x86 = Release|x86
	EndGlobalSection
	GlobalSection(ProjectConfigurationPlatforms) = postSolution
		{F947D95B-45AE-46CA-8982-A3E071D434A3}.Debug|Any CPU.ActiveCfg = Debug|Any CPU
		{F947D95B-45AE-46CA-8982-A3E071D434A3}.Debug|Any CPU.Build.0 = Debug|Any CPU
		{F947D95B-45AE-46CA-8982-A3E071D434A3}.Debug|x64.ActiveCfg = Debug|x64
		{F947D95B-45AE-46CA-8982-A3E071D434A3}.Debug|x64.Build.0 = Debug|x64
		{F947D95B-45AE-46CA-8982-A3E071D434A3}.Debug|x86.ActiveCfg = Debug|x86
		{F947D95B-45AE-46CA-8982-A3E071D434A3}.Debug|x86.Build.0 = Debug|x86
		{F947D95B-45AE-46CA-8982-A3E071D434A3}.Release|Any CPU.ActiveCfg = Release|Any CPU
		{F947D95B-45AE-46CA-8982-A3E071D434A3}.Release|Any CPU.Build.0 = Release|Any CPU
		{F947D95B-45AE-46CA-8982-A3E071D434A3}.Release|x64.ActiveCfg = Release|x64
		{F947D95B-45AE-46CA-8982-A3E071D434A3}.Release|x64.Build.0 = Release|x64
		{F947D95B-45AE-46CA-8982-A3E071D434A3}.Release|x86.ActiveCfg = Release|x64
		{F947D95B-45AE-46CA-8982-A3E071D434A3}.Release|x86.Build.0 = Release|x64
	EndGlobalSection
	GlobalSection(SolutionProperties) = preSolution
		HideSolutionNode = FALSE
	EndGlobalSection
	GlobalSection(ExtensibilityGlobals) = postSolution
		SolutionGuid = {E7F7035B-69A9-486F-9A43-BF5FA1CAD3BD}
	EndGlobalSection
EndGlobal
